
Microsoft Visual Studio Solution File, Format Version 12.00
# Visual Studio Version 17
VisualStudioVersion = 17.8.34330.188
MinimumVisualStudioVersion = 10.0.40219.1
Project("{FAE04EC0-301F-11D3-BF4B-00C04F79EFBC}") = "ChefManager", "ChefManager.csproj", "{548D626F-A604-49A1-9099-B578EF748DD0}"
EndProject
Global
	GlobalSection(SolutionConfigurationPlatforms) = preSolution
		Debug|Any CPU = Debug|Any CPU
		Release|Any CPU = Release|Any CPU
	EndGlobalSection
	GlobalSection(ProjectConfigurationPlatforms) = postSolution
		{548D626F-A604-49A1-9099-B578EF748DD0}.Debug|Any CPU.ActiveCfg = Debug|Any CPU
		{548D626F-A604-49A1-9099-B578EF748DD0}.Debug|Any CPU.Build.0 = Debug|Any CPU
		{548D626F-A604-49A1-9099-B578EF748DD0}.Release|Any CPU.ActiveCfg = Release|Any CPU
		{548D626F-A604-49A1-9099-B578EF748DD0}.Release|Any CPU.Build.0 = Release|Any CPU
	EndGlobalSection
	GlobalSection(SolutionProperties) = preSolution
		HideSolutionNode = FALSE
	EndGlobalSection
	GlobalSection(ExtensibilityGlobals) = postSolution
		SolutionGuid = {F797AAF9-D669-407F-8190-4960BFF1C1F4}
	EndGlobalSection
EndGlobal
